
Microsoft Visual Studio Solution File, Format Version 12.00
# Visual Studio 14
VisualStudioVersion = 14.0.25420.1
MinimumVisualStudioVersion = 10.0.40219.1
Project("{FAE04EC0-301F-11D3-BF4B-00C04F79EFBC}") = "TrabajoIntegrador", "TrabajoIntegrador\TrabajoIntegrador.csproj", "{E28CE66C-8985-4B2E-AAD6-C6E91CDC63ED}"
EndProject
Global
	GlobalSection(SolutionConfigurationPlatforms) = preSolution
		Debug|Any CPU = Debug|Any CPU
		Release|Any CPU = Release|Any CPU
	EndGlobalSection
	GlobalSection(ProjectConfigurationPlatforms) = postSolution
		{E28CE66C-8985-4B2E-AAD6-C6E91CDC63ED}.Debug|Any CPU.ActiveCfg = Debug|Any CPU
		{E28CE66C-8985-4B2E-AAD6-C6E91CDC63ED}.Debug|Any CPU.Build.0 = Debug|Any CPU
		{E28CE66C-8985-4B2E-AAD6-C6E91CDC63ED}.Release|Any CPU.ActiveCfg = Release|Any CPU
		{E28CE66C-8985-4B2E-AAD6-C6E91CDC63ED}.Release|Any CPU.Build.0 = Release|Any CPU
	EndGlobalSection
	GlobalSection(SolutionProperties) = preSolution
		HideSolutionNode = FALSE
	EndGlobalSection
EndGlobal
